
Microsoft Visual Studio Solution File, Format Version 12.00
# Visual Studio 2012
Project("{E24C65DC-7377-472B-9ABA-BC803B73C61A}") = "TelcoProyectoWebSite", "TelcoProyectoWebSite", "{DA00D160-D53A-4F5D-8D7E-A5740313B691}"
	ProjectSection(WebsiteProperties) = preProject
		Frontpage = "false"
		TargetFrameworkMoniker = ".NETFramework,Version%3Dv4.5"
		ProjectReferences = "{02351bca-fe5b-4696-8c50-bfc62fc8275a}|BLL.dll;{4D4F5B3D-9114-4932-AEA2-E57DF30AF921}|DAO.dll;{1C8A83FC-75EF-48D7-BAD4-C649E80B3368}|MODELS.dll;"
		Debug.AspNetCompiler.VirtualPath = "/localhost_50575"
		Debug.AspNetCompiler.PhysicalPath = "TelcoProyectoWebSite\"
		Debug.AspNetCompiler.TargetPath = "PrecompiledWeb\localhost_50575\"
		Debug.AspNetCompiler.Updateable = "true"
		Debug.AspNetCompiler.ForceOverwrite = "true"
		Debug.AspNetCompiler.FixedNames = "false"
		Debug.AspNetCompiler.Debug = "True"
		Release.AspNetCompiler.VirtualPath = "/localhost_50575"
		Release.AspNetCompiler.PhysicalPath = "TelcoProyectoWebSite\"
		Release.AspNetCompiler.TargetPath = "PrecompiledWeb\localhost_50575\"
		Release.AspNetCompiler.Updateable = "true"
		Release.AspNetCompiler.ForceOverwrite = "true"
		Release.AspNetCompiler.FixedNames = "false"
		Release.AspNetCompiler.Debug = "False"
		VWDPort = "50575"
		DefaultWebSiteLanguage = "Visual C#"
	EndProjectSection
EndProject
Project("{FAE04EC0-301F-11D3-BF4B-00C04F79EFBC}") = "DAO", "DAO\DAO.csproj", "{4D4F5B3D-9114-4932-AEA2-E57DF30AF921}"
EndProject
Project("{FAE04EC0-301F-11D3-BF4B-00C04F79EFBC}") = "BLL", "BLL\BLL.csproj", "{02351BCA-FE5B-4696-8C50-BFC62FC8275A}"
EndProject
Project("{FAE04EC0-301F-11D3-BF4B-00C04F79EFBC}") = "MODELS", "MODELS\MODELS.csproj", "{1C8A83FC-75EF-48D7-BAD4-C649E80B3368}"
EndProject
Global
	GlobalSection(SolutionConfigurationPlatforms) = preSolution
		Debug|Any CPU = Debug|Any CPU
		Release|Any CPU = Release|Any CPU
	EndGlobalSection
	GlobalSection(ProjectConfigurationPlatforms) = postSolution
		{DA00D160-D53A-4F5D-8D7E-A5740313B691}.Debug|Any CPU.ActiveCfg = Debug|Any CPU
		{DA00D160-D53A-4F5D-8D7E-A5740313B691}.Debug|Any CPU.Build.0 = Debug|Any CPU
		{DA00D160-D53A-4F5D-8D7E-A5740313B691}.Release|Any CPU.ActiveCfg = Debug|Any CPU
		{DA00D160-D53A-4F5D-8D7E-A5740313B691}.Release|Any CPU.Build.0 = Debug|Any CPU
		{4D4F5B3D-9114-4932-AEA2-E57DF30AF921}.Debug|Any CPU.ActiveCfg = Debug|Any CPU
		{4D4F5B3D-9114-4932-AEA2-E57DF30AF921}.Debug|Any CPU.Build.0 = Debug|Any CPU
		{4D4F5B3D-9114-4932-AEA2-E57DF30AF921}.Release|Any CPU.ActiveCfg = Release|Any CPU
		{4D4F5B3D-9114-4932-AEA2-E57DF30AF921}.Release|Any CPU.Build.0 = Release|Any CPU
		{02351BCA-FE5B-4696-8C50-BFC62FC8275A}.Debug|Any CPU.ActiveCfg = Debug|Any CPU
		{02351BCA-FE5B-4696-8C50-BFC62FC8275A}.Debug|Any CPU.Build.0 = Debug|Any CPU
		{02351BCA-FE5B-4696-8C50-BFC62FC8275A}.Release|Any CPU.ActiveCfg = Release|Any CPU
		{02351BCA-FE5B-4696-8C50-BFC62FC8275A}.Release|Any CPU.Build.0 = Release|Any CPU
		{1C8A83FC-75EF-48D7-BAD4-C649E80B3368}.Debug|Any CPU.ActiveCfg = Debug|Any CPU
		{1C8A83FC-75EF-48D7-BAD4-C649E80B3368}.Debug|Any CPU.Build.0 = Debug|Any CPU
		{1C8A83FC-75EF-48D7-BAD4-C649E80B3368}.Release|Any CPU.ActiveCfg = Release|Any CPU
		{1C8A83FC-75EF-48D7-BAD4-C649E80B3368}.Release|Any CPU.Build.0 = Release|Any CPU
	EndGlobalSection
	GlobalSection(SolutionProperties) = preSolution
		HideSolutionNode = FALSE
	EndGlobalSection
	GlobalSection(ExtensibilityGlobals) = postSolution
		SolutionGuid = {A1F418D6-7B03-4974-8B20-F0ED3C147C29}
	EndGlobalSection
EndGlobal
